
Microsoft Visual Studio Solution File, Format Version 12.00
# Visual Studio Version 17
VisualStudioVersion = 17.1.32328.378
MinimumVisualStudioVersion = 10.0.40219.1
Project("{FAE04EC0-301F-11D3-BF4B-00C04F79EFBC}") = "Shopping.Domain", "Shopping.Domain\Shopping.Domain.csproj", "{43411AA3-1FF4-4AAD-9A79-9EB61E432979}"
EndProject
Project("{FAE04EC0-301F-11D3-BF4B-00C04F79EFBC}") = "Shopping.Application", "Shopping.Application\Shopping.Application.csproj", "{CF2F0CFE-65D4-47A2-B1BE-32DC7D471DBF}"
EndProject
Project("{FAE04EC0-301F-11D3-BF4B-00C04F79EFBC}") = "Shopping.Persistence", "Shopping.Persistence\Shopping.Persistence.csproj", "{900178FE-2AC7-4CFE-8A6C-0043292E25E8}"
EndProject
Project("{FAE04EC0-301F-11D3-BF4B-00C04F79EFBC}") = "ShoppingMain.APi", "ShoppingMain.APi\ShoppingMain.APi.csproj", "{D4F2FA51-686F-4FC3-939A-2F9CDE871897}"
EndProject
Project("{FAE04EC0-301F-11D3-BF4B-00C04F79EFBC}") = "Shopping.Identity", "Shopping.Identity\Shopping.Identity.csproj", "{72669EE1-30D6-4A1B-9081-6C1F96915ACF}"
EndProject
Global
	GlobalSection(SolutionConfigurationPlatforms) = preSolution
		Debug|Any CPU = Debug|Any CPU
		Release|Any CPU = Release|Any CPU
	EndGlobalSection
	GlobalSection(ProjectConfigurationPlatforms) = postSolution
		{43411AA3-1FF4-4AAD-9A79-9EB61E432979}.Debug|Any CPU.ActiveCfg = Debug|Any CPU
		{43411AA3-1FF4-4AAD-9A79-9EB61E432979}.Debug|Any CPU.Build.0 = Debug|Any CPU
		{43411AA3-1FF4-4AAD-9A79-9EB61E432979}.Release|Any CPU.ActiveCfg = Release|Any CPU
		{43411AA3-1FF4-4AAD-9A79-9EB61E432979}.Release|Any CPU.Build.0 = Release|Any CPU
		{CF2F0CFE-65D4-47A2-B1BE-32DC7D471DBF}.Debug|Any CPU.ActiveCfg = Debug|Any CPU
		{CF2F0CFE-65D4-47A2-B1BE-32DC7D471DBF}.Debug|Any CPU.Build.0 = Debug|Any CPU
		{CF2F0CFE-65D4-47A2-B1BE-32DC7D471DBF}.Release|Any CPU.ActiveCfg = Release|Any CPU
		{CF2F0CFE-65D4-47A2-B1BE-32DC7D471DBF}.Release|Any CPU.Build.0 = Release|Any CPU
		{900178FE-2AC7-4CFE-8A6C-0043292E25E8}.Debug|Any CPU.ActiveCfg = Debug|Any CPU
		{900178FE-2AC7-4CFE-8A6C-0043292E25E8}.Debug|Any CPU.Build.0 = Debug|Any CPU
		{900178FE-2AC7-4CFE-8A6C-0043292E25E8}.Release|Any CPU.ActiveCfg = Release|Any CPU
		{900178FE-2AC7-4CFE-8A6C-0043292E25E8}.Release|Any CPU.Build.0 = Release|Any CPU
		{D4F2FA51-686F-4FC3-939A-2F9CDE871897}.Debug|Any CPU.ActiveCfg = Debug|Any CPU
		{D4F2FA51-686F-4FC3-939A-2F9CDE871897}.Debug|Any CPU.Build.0 = Debug|Any CPU
		{D4F2FA51-686F-4FC3-939A-2F9CDE871897}.Release|Any CPU.ActiveCfg = Release|Any CPU
		{D4F2FA51-686F-4FC3-939A-2F9CDE871897}.Release|Any CPU.Build.0 = Release|Any CPU
		{72669EE1-30D6-4A1B-9081-6C1F96915ACF}.Debug|Any CPU.ActiveCfg = Debug|Any CPU
		{72669EE1-30D6-4A1B-9081-6C1F96915ACF}.Debug|Any CPU.Build.0 = Debug|Any CPU
		{72669EE1-30D6-4A1B-9081-6C1F96915ACF}.Release|Any CPU.ActiveCfg = Release|Any CPU
		{72669EE1-30D6-4A1B-9081-6C1F96915ACF}.Release|Any CPU.Build.0 = Release|Any CPU
	EndGlobalSection
	GlobalSection(SolutionProperties) = preSolution
		HideSolutionNode = FALSE
	EndGlobalSection
	GlobalSection(ExtensibilityGlobals) = postSolution
		SolutionGuid = {BAE4DEDE-A0E3-4752-A6AF-5E0C8CEF13CC}
	EndGlobalSection
EndGlobal
